
Microsoft Visual Studio Solution File, Format Version 12.00
# Visual Studio Version 17
VisualStudioVersion = 17.14.36301.6 d17.14
MinimumVisualStudioVersion = 10.0.40219.1
Project("{FAE04EC0-301F-11D3-BF4B-00C04F79EFBC}") = "Reverse Integer", "Reverse Integer\Reverse Integer.csproj", "{07EACBE8-E78F-402A-8C25-2646F0AAB369}"
EndProject
Global
	GlobalSection(SolutionConfigurationPlatforms) = preSolution
		Debug|Any CPU = Debug|Any CPU
		Release|Any CPU = Release|Any CPU
	EndGlobalSection
	GlobalSection(ProjectConfigurationPlatforms) = postSolution
		{07EACBE8-E78F-402A-8C25-2646F0AAB369}.Debug|Any CPU.ActiveCfg = Debug|Any CPU
		{07EACBE8-E78F-402A-8C25-2646F0AAB369}.Debug|Any CPU.Build.0 = Debug|Any CPU
		{07EACBE8-E78F-402A-8C25-2646F0AAB369}.Release|Any CPU.ActiveCfg = Release|Any CPU
		{07EACBE8-E78F-402A-8C25-2646F0AAB369}.Release|Any CPU.Build.0 = Release|Any CPU
	EndGlobalSection
	GlobalSection(SolutionProperties) = preSolution
		HideSolutionNode = FALSE
	EndGlobalSection
	GlobalSection(ExtensibilityGlobals) = postSolution
		SolutionGuid = {187E3219-775A-4E35-B4F7-0B8D28C4D2B1}
	EndGlobalSection
EndGlobal
